
Microsoft Visual Studio Solution File, Format Version 12.00
# Visual Studio Version 17
VisualStudioVersion = 17.0.31903.59
MinimumVisualStudioVersion = 10.0.40219.1
Project("{2150E333-8FDC-42A3-9474-1A3956D46DE8}") = "src", "src", "{35AC27CE-D188-4F7F-9DE8-9C6EB7FE589D}"
EndProject
Project("{FAE04EC0-301F-11D3-BF4B-00C04F79EFBC}") = "Summary.API", "src\Summary.API\Summary.API.csproj", "{66754495-18EF-4B73-B861-68946954FBDE}"
EndProject
Project("{FAE04EC0-301F-11D3-BF4B-00C04F79EFBC}") = "Summary.Persistence", "src\Summary.Persistence\Summary.Persistence.csproj", "{1172F808-0212-4489-8B0D-EBA99D2706C7}"
EndProject
Project("{FAE04EC0-301F-11D3-BF4B-00C04F79EFBC}") = "Summary.Domain", "src\Summary.Domain\Summary.Domain.csproj", "{AA24B0F1-5961-4216-A0EB-464DAAC8CF81}"
EndProject
Project("{FAE04EC0-301F-11D3-BF4B-00C04F79EFBC}") = "Summary.Infrastucture", "src\Summary.Infrastucture\Summary.Infrastucture.csproj", "{DAE70DA1-9BC1-496C-9D5F-EEE1C1A184EA}"
EndProject
Global
	GlobalSection(SolutionConfigurationPlatforms) = preSolution
		Debug|Any CPU = Debug|Any CPU
		Release|Any CPU = Release|Any CPU
	EndGlobalSection
	GlobalSection(SolutionProperties) = preSolution
		HideSolutionNode = FALSE
	EndGlobalSection
	GlobalSection(ProjectConfigurationPlatforms) = postSolution
		{66754495-18EF-4B73-B861-68946954FBDE}.Debug|Any CPU.ActiveCfg = Debug|Any CPU
		{66754495-18EF-4B73-B861-68946954FBDE}.Debug|Any CPU.Build.0 = Debug|Any CPU
		{66754495-18EF-4B73-B861-68946954FBDE}.Release|Any CPU.ActiveCfg = Release|Any CPU
		{66754495-18EF-4B73-B861-68946954FBDE}.Release|Any CPU.Build.0 = Release|Any CPU
		{1172F808-0212-4489-8B0D-EBA99D2706C7}.Debug|Any CPU.ActiveCfg = Debug|Any CPU
		{1172F808-0212-4489-8B0D-EBA99D2706C7}.Debug|Any CPU.Build.0 = Debug|Any CPU
		{1172F808-0212-4489-8B0D-EBA99D2706C7}.Release|Any CPU.ActiveCfg = Release|Any CPU
		{1172F808-0212-4489-8B0D-EBA99D2706C7}.Release|Any CPU.Build.0 = Release|Any CPU
		{AA24B0F1-5961-4216-A0EB-464DAAC8CF81}.Debug|Any CPU.ActiveCfg = Debug|Any CPU
		{AA24B0F1-5961-4216-A0EB-464DAAC8CF81}.Debug|Any CPU.Build.0 = Debug|Any CPU
		{AA24B0F1-5961-4216-A0EB-464DAAC8CF81}.Release|Any CPU.ActiveCfg = Release|Any CPU
		{AA24B0F1-5961-4216-A0EB-464DAAC8CF81}.Release|Any CPU.Build.0 = Release|Any CPU
		{DAE70DA1-9BC1-496C-9D5F-EEE1C1A184EA}.Debug|Any CPU.ActiveCfg = Debug|Any CPU
		{DAE70DA1-9BC1-496C-9D5F-EEE1C1A184EA}.Debug|Any CPU.Build.0 = Debug|Any CPU
		{DAE70DA1-9BC1-496C-9D5F-EEE1C1A184EA}.Release|Any CPU.ActiveCfg = Release|Any CPU
		{DAE70DA1-9BC1-496C-9D5F-EEE1C1A184EA}.Release|Any CPU.Build.0 = Release|Any CPU
	EndGlobalSection
	GlobalSection(NestedProjects) = preSolution
		{66754495-18EF-4B73-B861-68946954FBDE} = {35AC27CE-D188-4F7F-9DE8-9C6EB7FE589D}
		{1172F808-0212-4489-8B0D-EBA99D2706C7} = {35AC27CE-D188-4F7F-9DE8-9C6EB7FE589D}
		{AA24B0F1-5961-4216-A0EB-464DAAC8CF81} = {35AC27CE-D188-4F7F-9DE8-9C6EB7FE589D}
		{DAE70DA1-9BC1-496C-9D5F-EEE1C1A184EA} = {35AC27CE-D188-4F7F-9DE8-9C6EB7FE589D}
	EndGlobalSection
EndGlobal
