
Microsoft Visual Studio Solution File, Format Version 12.00
# Visual Studio Version 17
VisualStudioVersion = 17.0.31903.59
MinimumVisualStudioVersion = 10.0.40219.1
Project("{2150E333-8FDC-42A3-9474-1A3956D46DE8}") = "src", "src", "{EBF69133-D979-4FCF-8367-B7C0B01EAD9A}"
EndProject
Project("{2150E333-8FDC-42A3-9474-1A3956D46DE8}") = "Identity", "Identity", "{655F9107-C5DD-4B8A-946E-EEECA7CE0E6F}"
EndProject
Project("{FAE04EC0-301F-11D3-BF4B-00C04F79EFBC}") = "Identity.Domain", "src\Identity\Identity.Domain\Identity.Domain.csproj", "{5F7F5C64-1C4E-4BBF-9534-F12606A4640A}"
EndProject
Project("{FAE04EC0-301F-11D3-BF4B-00C04F79EFBC}") = "Identity.Application", "src\Identity\Identity.Application\Identity.Application.csproj", "{25864591-3114-4350-974E-6600EF449E0F}"
EndProject
Project("{FAE04EC0-301F-11D3-BF4B-00C04F79EFBC}") = "Identity.Infrastructure", "src\Identity\Identity.Infrastructure\Identity.Infrastructure.csproj", "{75763AEC-FB5D-4E0A-8F45-8E00CD0D7F6B}"
EndProject
Project("{FAE04EC0-301F-11D3-BF4B-00C04F79EFBC}") = "Identity.Web", "src\Identity\Identity.Web\Identity.Web.csproj", "{DA1FBFBD-39C7-40D6-924D-003FFE492691}"
EndProject
Project("{FAE04EC0-301F-11D3-BF4B-00C04F79EFBC}") = "WebAppComponents", "src\WebAppComponents\WebAppComponents.csproj", "{C7F1F75D-EE56-4C74-9ABF-EC293ADCC380}"
EndProject
Project("{FAE04EC0-301F-11D3-BF4B-00C04F79EFBC}") = "WebApp", "src\WebApp\WebApp.csproj", "{AA0DCFEC-F456-4057-9B34-9C0B52E9FC91}"
EndProject
Global
	GlobalSection(SolutionConfigurationPlatforms) = preSolution
		Debug|Any CPU = Debug|Any CPU
		Release|Any CPU = Release|Any CPU
	EndGlobalSection
	GlobalSection(SolutionProperties) = preSolution
		HideSolutionNode = FALSE
	EndGlobalSection
	GlobalSection(ProjectConfigurationPlatforms) = postSolution
		{5F7F5C64-1C4E-4BBF-9534-F12606A4640A}.Debug|Any CPU.ActiveCfg = Debug|Any CPU
		{5F7F5C64-1C4E-4BBF-9534-F12606A4640A}.Debug|Any CPU.Build.0 = Debug|Any CPU
		{5F7F5C64-1C4E-4BBF-9534-F12606A4640A}.Release|Any CPU.ActiveCfg = Release|Any CPU
		{5F7F5C64-1C4E-4BBF-9534-F12606A4640A}.Release|Any CPU.Build.0 = Release|Any CPU
		{25864591-3114-4350-974E-6600EF449E0F}.Debug|Any CPU.ActiveCfg = Debug|Any CPU
		{25864591-3114-4350-974E-6600EF449E0F}.Debug|Any CPU.Build.0 = Debug|Any CPU
		{25864591-3114-4350-974E-6600EF449E0F}.Release|Any CPU.ActiveCfg = Release|Any CPU
		{25864591-3114-4350-974E-6600EF449E0F}.Release|Any CPU.Build.0 = Release|Any CPU
		{75763AEC-FB5D-4E0A-8F45-8E00CD0D7F6B}.Debug|Any CPU.ActiveCfg = Debug|Any CPU
		{75763AEC-FB5D-4E0A-8F45-8E00CD0D7F6B}.Debug|Any CPU.Build.0 = Debug|Any CPU
		{75763AEC-FB5D-4E0A-8F45-8E00CD0D7F6B}.Release|Any CPU.ActiveCfg = Release|Any CPU
		{75763AEC-FB5D-4E0A-8F45-8E00CD0D7F6B}.Release|Any CPU.Build.0 = Release|Any CPU
		{DA1FBFBD-39C7-40D6-924D-003FFE492691}.Debug|Any CPU.ActiveCfg = Debug|Any CPU
		{DA1FBFBD-39C7-40D6-924D-003FFE492691}.Debug|Any CPU.Build.0 = Debug|Any CPU
		{DA1FBFBD-39C7-40D6-924D-003FFE492691}.Release|Any CPU.ActiveCfg = Release|Any CPU
		{DA1FBFBD-39C7-40D6-924D-003FFE492691}.Release|Any CPU.Build.0 = Release|Any CPU
		{C7F1F75D-EE56-4C74-9ABF-EC293ADCC380}.Debug|Any CPU.ActiveCfg = Debug|Any CPU
		{C7F1F75D-EE56-4C74-9ABF-EC293ADCC380}.Debug|Any CPU.Build.0 = Debug|Any CPU
		{C7F1F75D-EE56-4C74-9ABF-EC293ADCC380}.Release|Any CPU.ActiveCfg = Release|Any CPU
		{C7F1F75D-EE56-4C74-9ABF-EC293ADCC380}.Release|Any CPU.Build.0 = Release|Any CPU
		{AA0DCFEC-F456-4057-9B34-9C0B52E9FC91}.Debug|Any CPU.ActiveCfg = Debug|Any CPU
		{AA0DCFEC-F456-4057-9B34-9C0B52E9FC91}.Debug|Any CPU.Build.0 = Debug|Any CPU
		{AA0DCFEC-F456-4057-9B34-9C0B52E9FC91}.Release|Any CPU.ActiveCfg = Release|Any CPU
		{AA0DCFEC-F456-4057-9B34-9C0B52E9FC91}.Release|Any CPU.Build.0 = Release|Any CPU
	EndGlobalSection
	GlobalSection(NestedProjects) = preSolution
		{655F9107-C5DD-4B8A-946E-EEECA7CE0E6F} = {EBF69133-D979-4FCF-8367-B7C0B01EAD9A}
		{5F7F5C64-1C4E-4BBF-9534-F12606A4640A} = {655F9107-C5DD-4B8A-946E-EEECA7CE0E6F}
		{25864591-3114-4350-974E-6600EF449E0F} = {655F9107-C5DD-4B8A-946E-EEECA7CE0E6F}
		{75763AEC-FB5D-4E0A-8F45-8E00CD0D7F6B} = {655F9107-C5DD-4B8A-946E-EEECA7CE0E6F}
		{DA1FBFBD-39C7-40D6-924D-003FFE492691} = {655F9107-C5DD-4B8A-946E-EEECA7CE0E6F}
		{C7F1F75D-EE56-4C74-9ABF-EC293ADCC380} = {EBF69133-D979-4FCF-8367-B7C0B01EAD9A}
		{AA0DCFEC-F456-4057-9B34-9C0B52E9FC91} = {EBF69133-D979-4FCF-8367-B7C0B01EAD9A}
	EndGlobalSection
EndGlobal
